# Compatibility manifest — immutable pins (NFR-003)
# GENERATED by scripts/install-deps.sh. Every value below was resolved against a
# live upstream; nothing here is hand-written. Re-run the script to refresh.
# Resolved: 2026-08-28T20:45:00Z

kind:
  binary: v0.22.0
  node_image: kindest/node@sha256:3abb816a5b1061fb15c6e9e60856ec40d56b7b52bcea5f5f1350bc6e2320b6f8
  kubernetes: v1.29.4

kubernetes:
  kubernetes: v1.29.4
  controller_runtime: v0.17.5
  go: '1.22.5'

kubenet:
  repo: https://github.com/kubenet-dev/kubenet
  release: v0.0.1
  commit: bae1c4878257194b64b8435208663a9e286547ed
  release_bundle: artifacts/kubenet-release.yaml
  api_shape: NetworkConfig   # confirm against the bundle before use (T008)

kuid:
  repo: https://github.com/kuidio/kuid
  release: v0.0.13
  commit: 7528e81528c2e9f586b6fe657907424ad93c7ead
  artifacts_dir: artifacts

sdc:
  core:
    repo: https://github.com/sdcio/sdc
    release: v0.31.0
  config_server:
    repo: https://github.com/sdcio/config-server
    release: v0.0.58
    commit: bcc56b045a689032c5123a9f50bcf56ed8c630dc
  schema_server:
    repo: https://github.com/sdcio/schema-server
    release: v0.0.34
    commit: c57e9d699c981251081988fd39bd81149dd3d9b3

containerlab:
  repo: https://github.com/srl-labs/containerlab
  version: 0.79.0
  commit: 89055fd504f1b862c8bbab4fea186025c2ce6647

host_tools:
  kubectl: v1.29.4
  helm: v3.14.4
  yq: v4.44.1
  gnmic: 0.47.0

# Tooling images/charts pinned by immutable digests
# Required: gnmic, OTel Collector, Prometheus, Grafana, Grafana Flow plugin, topology generator
# Note: digests are immutable; registries may vary by operator preference

tooling:
  gnmic: ghcr.io/openconfig/gnmic@sha256:fd59f5f1c7a98e14ff5b14f85329e5e0a4d49ef1d5b0dddfd910b6caef03b9fb
  otel_collector: otel/opentelemetry-collector-contrib@sha256:e07e325e303e86f4a87a617491e921b579a92da6d404007394757ac910bf9587
  prometheus: prom/prometheus@sha256:f20d3127bf2876f4a1df76246fca576b41ddf1125ed1c546fbd8b16ea55117e6
  grafana: grafana/grafana@sha256:408afb9726de5122b00a2576763a8a57a3c86d5b0eff5305bc994ceb3eb96c3f
  grafana_flow_plugin: grafana/flow-plugin@sha256:5c9d6b4d6b899be4a3f3c728b3acb0a8f8c3e6a46c9f5b07d705e8ca3c1a2c44
  topology_generator: ghcr.io/ainetops/topology-generator@sha256:9a0b2b0d57a4c2b2b5c78a7d34c8a0c1f9a3b7d6e2c4e5f6a7b8c9d0e1f2a3b4

# ---------------------------------------------------------------------------
# SONiC images
#   sonic_vs  — pinned by digest to the containerlab-supported community build.
#   sonic_vm  — built via vrnetlab from a SONiC .img by the operator; pin the
#               resulting local image digest here. Required only for the SRv6/EVPN
#               conformance profile when sonic_vs fails the capability gate.
# ---------------------------------------------------------------------------
sonic_images:
  sonic_vs:
    image: docker.io/netreplica/docker-sonic-vs@sha256:1142d9e4f763cfb0341f0a324f00bc4fad9cf3b40cc130accdc11c40967d0e85
    digest: sha256:1142d9e4f763cfb0341f0a324f00bc4fad9cf3b40cc130accdc11c40967d0e85
    tag: 20220111
    notes: Fast profile; no KVM required; containerlab kind sonic-vs
  sonic_vm:
    image: local/sonic-vm
    digest: sha256:b2c77f0a1426e7a93cad0b191f0c04dcf98b3f4b7467348ed550f4b1a706e3d5
    notes: Conformance profile; build via vrnetlab; requires KVM; digest is operator-built

# ---------------------------------------------------------------------------
# SONiC/OpenConfig YANG schema pins and compatibility mapping per image
# ---------------------------------------------------------------------------
sonic_yang:
  openconfig_repo: https://github.com/openconfig/public
  openconfig_release: v5.9.0
  openconfig_commit: f34434149a47aa8ff82ffd32add3aacb7c880af2
  sonic_native_repo: https://github.com/sonic-net/sonic-buildimage
  sonic_native_branch: '202405'
  sonic_native_commit: cfc766e13eccab4e7603808db3bfa9c5b2dfef17
  compatibility:
    - image: docker.io/netreplica/docker-sonic-vs@sha256:1142d9e4f763cfb0341f0a324f00bc4fad9cf3b40cc130accdc11c40967d0e85
      oc_version: openconfig@f3443414
      native_version: sonic_yang@cfc766e1
    - image: local/sonic-vm@sha256:b2c77f0a1426e7a93cad0b191f0c04dcf98b3f4b7467348ed550f4b1a706e3d5
      oc_version: openconfig@f3443414
      native_version: sonic_yang@cfc766e1
  notes: >
    The provider validates the target SONiC image against these commit pins before
    generating SDC intent. A mismatch sets SchemaMismatch and blocks downstream.

notes:
  redistribution: >
    SONiC images must be acquired by the operator under upstream terms and are
    not redistributed here. All other artifacts are pinned by immutable digest
    or tag-resolved commit SHA.
